
Microsoft Visual Studio Solution File, Format Version 12.00
# Visual Studio 15
VisualStudioVersion = 15.0.27428.2005
MinimumVisualStudioVersion = 10.0.40219.1
Project("{FAE04EC0-301F-11D3-BF4B-00C04F79EFBC}") = "WindowsFormsApp3", "WindowsFormsApp2\WindowsFormsApp3.csproj", "{2FBB9DD0-9497-41E6-A476-173E816EF7E3}"
EndProject
Global
	GlobalSection(SolutionConfigurationPlatforms) = preSolution
		Debug|Any CPU = Debug|Any CPU
		Release|Any CPU = Release|Any CPU
	EndGlobalSection
	GlobalSection(ProjectConfigurationPlatforms) = postSolution
		{2FBB9DD0-9497-41E6-A476-173E816EF7E3}.Debug|Any CPU.ActiveCfg = Debug|Any CPU
		{2FBB9DD0-9497-41E6-A476-173E816EF7E3}.Debug|Any CPU.Build.0 = Debug|Any CPU
		{2FBB9DD0-9497-41E6-A476-173E816EF7E3}.Release|Any CPU.ActiveCfg = Release|Any CPU
		{2FBB9DD0-9497-41E6-A476-173E816EF7E3}.Release|Any CPU.Build.0 = Release|Any CPU
	EndGlobalSection
	GlobalSection(SolutionProperties) = preSolution
		HideSolutionNode = FALSE
	EndGlobalSection
	GlobalSection(ExtensibilityGlobals) = postSolution
		SolutionGuid = {508CD771-E90E-4A37-8921-5C4D202BA35A}
	EndGlobalSection
EndGlobal
